
Microsoft Visual Studio Solution File, Format Version 12.00
# Visual Studio Version 16
VisualStudioVersion = 16.0.29006.145
MinimumVisualStudioVersion = 10.0.40219.1
Project("{8BC9CEB8-8B4A-11D0-8D11-00A0C91BC942}") = "Projet - Exercice 1", "Projet - Exercice 1\Projet - Exercice 1.vcxproj", "{EABF5509-92EA-4B4A-B6F6-1F3A4D917D1E}"
EndProject
Project("{8BC9CEB8-8B4A-11D0-8D11-00A0C91BC942}") = "Project - Exercice 2", "Project - Exercice 2\Project - Exercice 2.vcxproj", "{30A5D9F9-D5A0-4779-9D4A-E5BE8A664997}"
EndProject
Global
	GlobalSection(SolutionConfigurationPlatforms) = preSolution
		Debug|x64 = Debug|x64
		Debug|x86 = Debug|x86
		Release|x64 = Release|x64
		Release|x86 = Release|x86
	EndGlobalSection
	GlobalSection(ProjectConfigurationPlatforms) = postSolution
		{EABF5509-92EA-4B4A-B6F6-1F3A4D917D1E}.Debug|x64.ActiveCfg = Debug|x64
		{EABF5509-92EA-4B4A-B6F6-1F3A4D917D1E}.Debug|x64.Build.0 = Debug|x64
		{EABF5509-92EA-4B4A-B6F6-1F3A4D917D1E}.Debug|x86.ActiveCfg = Debug|Win32
		{EABF5509-92EA-4B4A-B6F6-1F3A4D917D1E}.Debug|x86.Build.0 = Debug|Win32
		{EABF5509-92EA-4B4A-B6F6-1F3A4D917D1E}.Release|x64.ActiveCfg = Release|x64
		{EABF5509-92EA-4B4A-B6F6-1F3A4D917D1E}.Release|x64.Build.0 = Release|x64
		{EABF5509-92EA-4B4A-B6F6-1F3A4D917D1E}.Release|x86.ActiveCfg = Release|Win32
		{EABF5509-92EA-4B4A-B6F6-1F3A4D917D1E}.Release|x86.Build.0 = Release|Win32
		{30A5D9F9-D5A0-4779-9D4A-E5BE8A664997}.Debug|x64.ActiveCfg = Debug|x64
		{30A5D9F9-D5A0-4779-9D4A-E5BE8A664997}.Debug|x64.Build.0 = Debug|x64
		{30A5D9F9-D5A0-4779-9D4A-E5BE8A664997}.Debug|x86.ActiveCfg = Debug|Win32
		{30A5D9F9-D5A0-4779-9D4A-E5BE8A664997}.Debug|x86.Build.0 = Debug|Win32
		{30A5D9F9-D5A0-4779-9D4A-E5BE8A664997}.Release|x64.ActiveCfg = Release|x64
		{30A5D9F9-D5A0-4779-9D4A-E5BE8A664997}.Release|x64.Build.0 = Release|x64
		{30A5D9F9-D5A0-4779-9D4A-E5BE8A664997}.Release|x86.ActiveCfg = Release|Win32
		{30A5D9F9-D5A0-4779-9D4A-E5BE8A664997}.Release|x86.Build.0 = Release|Win32
	EndGlobalSection
	GlobalSection(SolutionProperties) = preSolution
		HideSolutionNode = FALSE
	EndGlobalSection
	GlobalSection(ExtensibilityGlobals) = postSolution
		SolutionGuid = {D6DBDA16-B9A2-4F97-9E7B-C94F38A6BBF0}
	EndGlobalSection
EndGlobal
